
Microsoft Visual Studio Solution File, Format Version 12.00
# Visual Studio Version 17
VisualStudioVersion = 17.0.31903.59
MinimumVisualStudioVersion = 10.0.40219.1
Project("{FAE04EC0-301F-11D3-BF4B-00C04F79EFBC}") = "DriverForTestsLib", "DriverForTestsLib\DriverForTestsLib.csproj", "{46697C1C-C5ED-40C9-B793-1350FB32399C}"
EndProject
Project("{FAE04EC0-301F-11D3-BF4B-00C04F79EFBC}") = "Tests", "Tests\Tests.csproj", "{4A7E1622-70ED-4F36-99B9-080CE2CE7320}"
EndProject
Global
	GlobalSection(SolutionConfigurationPlatforms) = preSolution
		Debug|Any CPU = Debug|Any CPU
		Release|Any CPU = Release|Any CPU
	EndGlobalSection
	GlobalSection(SolutionProperties) = preSolution
		HideSolutionNode = FALSE
	EndGlobalSection
	GlobalSection(ProjectConfigurationPlatforms) = postSolution
		{46697C1C-C5ED-40C9-B793-1350FB32399C}.Debug|Any CPU.ActiveCfg = Debug|Any CPU
		{46697C1C-C5ED-40C9-B793-1350FB32399C}.Debug|Any CPU.Build.0 = Debug|Any CPU
		{46697C1C-C5ED-40C9-B793-1350FB32399C}.Release|Any CPU.ActiveCfg = Release|Any CPU
		{46697C1C-C5ED-40C9-B793-1350FB32399C}.Release|Any CPU.Build.0 = Release|Any CPU
		{4A7E1622-70ED-4F36-99B9-080CE2CE7320}.Debug|Any CPU.ActiveCfg = Debug|Any CPU
		{4A7E1622-70ED-4F36-99B9-080CE2CE7320}.Debug|Any CPU.Build.0 = Debug|Any CPU
		{4A7E1622-70ED-4F36-99B9-080CE2CE7320}.Release|Any CPU.ActiveCfg = Release|Any CPU
		{4A7E1622-70ED-4F36-99B9-080CE2CE7320}.Release|Any CPU.Build.0 = Release|Any CPU
	EndGlobalSection
EndGlobal
